
Microsoft Visual Studio Solution File, Format Version 12.00
Project("{FAE04EC0-301F-11D3-BF4B-00C04F79EFBC}") = "Engine3d", "Engine3d\Engine3d.csproj", "{FDE6AA1F-0AA7-4E74-AD36-0F5F9E7BB89D}"
EndProject
Global
	GlobalSection(SolutionConfigurationPlatforms) = preSolution
		Debug|Any CPU = Debug|Any CPU
		Release|Any CPU = Release|Any CPU
	EndGlobalSection
	GlobalSection(ProjectConfigurationPlatforms) = postSolution
		{FDE6AA1F-0AA7-4E74-AD36-0F5F9E7BB89D}.Debug|Any CPU.ActiveCfg = Debug|Any CPU
		{FDE6AA1F-0AA7-4E74-AD36-0F5F9E7BB89D}.Debug|Any CPU.Build.0 = Debug|Any CPU
		{FDE6AA1F-0AA7-4E74-AD36-0F5F9E7BB89D}.Release|Any CPU.ActiveCfg = Release|Any CPU
		{FDE6AA1F-0AA7-4E74-AD36-0F5F9E7BB89D}.Release|Any CPU.Build.0 = Release|Any CPU
	EndGlobalSection
EndGlobal
